{
  "name": "orm_project",
  "version": "1.0.0",
  "lockfileVersion": 2,
  "requires": true,
  "packages": {
    "": {
      "name": "orm_project",
      "version": "1.0.0",
      "license": "ISC",
      "dependencies": {
        "seed": "^0.4.4"
      }
    },
    "node_modules/breeze": {
      "version": "0.4.0",
      "resolved": "https://registry.npmjs.org/breeze/-/breeze-0.4.0.tgz",
      "integrity": "sha512-YPWeVQKW1Zh4gq567pj9LPVsEfUHyXdqu1AJSIGomBMNTauFYFP4BgJ1NL8v0FqHY5JwLzyCj7nzIfuDQAsvZA==",
      "deprecated": "npm ownership change",
      "engines": {
        "node": "*"
      }
    },
    "node_modules/dragonfly": {
      "version": "0.2.1",
      "resolved": "https://registry.npmjs.org/dragonfly/-/dragonfly-0.2.1.tgz",
      "integrity": "sha512-IIG+7an8YdneVG05p7qjI1lTBiAV4AHGub8OjKpXxtMfcZzc+slp5sS+uHEOWq2g5AHkJh8ppdHCz2q2J8fTcg==",
      "engines": {
        "node": "*"
      }
    },
    "node_modules/drip": {
      "version": "0.3.1",
      "resolved": "https://registry.npmjs.org/drip/-/drip-0.3.1.tgz",
      "integrity": "sha512-sZ+xw0tagXFeoEz8U6xXDK7YBjst7jhtUo7gEkZYalMO7MHTbYJ74ONLFzmJKPHORSMxNlhmwNkHZaT+LtpoGQ==",
      "engines": {
        "node": ">= 0.4.8"
      }
    },
    "node_modules/filtr": {
      "version": "0.3.0",
      "resolved": "https://registry.npmjs.org/filtr/-/filtr-0.3.0.tgz",
      "integrity": "sha512-hY88bqjODQGMw1erWGwUzV6yZncnSzV+5uIeEaeWHGgN/BEQBfLG1CwQb4nDWHcyDcsAaTl1B1n18MC9NCAejg==",
      "engines": {
        "node": ">=0.4.8"
      }
    },
    "node_modules/oath": {
      "version": "0.2.3",
      "resolved": "https://registry.npmjs.org/oath/-/oath-0.2.3.tgz",
      "integrity": "sha512-/uTqn2KKy671SunNXhULGbumn2U3ZN84LvYZdnfSqqqBkM6cppm+jcUodWELd9CYVNYGh6QwJEEAQ0WM95qjpA==",
      "engines": {
        "node": ">= 0.4.8"
      }
    },
    "node_modules/seed": {
      "version": "0.4.4",
      "resolved": "https://registry.npmjs.org/seed/-/seed-0.4.4.tgz",
      "integrity": "sha512-f7CTMFxC9h0LljjBaHPke9epEiupNpxxHYVaZhnMZnO8AfqNMxnYlaMDJPYmjGHI0fUXO48BmExsukNrXCNiSA==",
      "dependencies": {
        "breeze": "0.4.x",
        "dragonfly": "0.2.x",
        "drip": "0.3.x",
        "filtr": "0.3.x",
        "oath": "0.2.x",
        "sol": "0.3.x",
        "super": "0.2.x"
      },
      "engines": {
        "node": ">= v0.6.0"
      }
    },
    "node_modules/sol": {
      "version": "0.3.0",
      "resolved": "https://registry.npmjs.org/sol/-/sol-0.3.0.tgz",
      "integrity": "sha512-/peFiFOAGoa0qgajE4KiEJ4KmjtMQBsDiOwy/6KkwYXl2x28jVDGnv6ntnqcSoMtAm+QNh8qv8XwHGuSzbLD9A==",
      "engines": {
        "node": "*"
      }
    },
    "node_modules/super": {
      "version": "0.2.3",
      "resolved": "https://registry.npmjs.org/super/-/super-0.2.3.tgz",
      "integrity": "sha512-fjYEpGyjeC7yeAqz9vb5pwuqgSvJ8adkMowLgfltfUnP9P8g17+l0GridSWkCuTaclxE5y4EcyZj8L2NI7t1Hg==",
      "engines": {
        "node": ">= 0.6.0"
      }
    }
  },
  "dependencies": {
    "breeze": {
      "version": "0.4.0",
      "resolved": "https://registry.npmjs.org/breeze/-/breeze-0.4.0.tgz",
      "integrity": "sha512-YPWeVQKW1Zh4gq567pj9LPVsEfUHyXdqu1AJSIGomBMNTauFYFP4BgJ1NL8v0FqHY5JwLzyCj7nzIfuDQAsvZA=="
    },
    "dragonfly": {
      "version": "0.2.1",
      "resolved": "https://registry.npmjs.org/dragonfly/-/dragonfly-0.2.1.tgz",
      "integrity": "sha512-IIG+7an8YdneVG05p7qjI1lTBiAV4AHGub8OjKpXxtMfcZzc+slp5sS+uHEOWq2g5AHkJh8ppdHCz2q2J8fTcg=="
    },
    "drip": {
      "version": "0.3.1",
      "resolved": "https://registry.npmjs.org/drip/-/drip-0.3.1.tgz",
      "integrity": "sha512-sZ+xw0tagXFeoEz8U6xXDK7YBjst7jhtUo7gEkZYalMO7MHTbYJ74ONLFzmJKPHORSMxNlhmwNkHZaT+LtpoGQ=="
    },
    "filtr": {
      "version": "0.3.0",
      "resolved": "https://registry.npmjs.org/filtr/-/filtr-0.3.0.tgz",
      "integrity": "sha512-hY88bqjODQGMw1erWGwUzV6yZncnSzV+5uIeEaeWHGgN/BEQBfLG1CwQb4nDWHcyDcsAaTl1B1n18MC9NCAejg=="
    },
    "oath": {
      "version": "0.2.3",
      "resolved": "https://registry.npmjs.org/oath/-/oath-0.2.3.tgz",
      "integrity": "sha512-/uTqn2KKy671SunNXhULGbumn2U3ZN84LvYZdnfSqqqBkM6cppm+jcUodWELd9CYVNYGh6QwJEEAQ0WM95qjpA=="
    },
    "seed": {
      "version": "0.4.4",
      "resolved": "https://registry.npmjs.org/seed/-/seed-0.4.4.tgz",
      "integrity": "sha512-f7CTMFxC9h0LljjBaHPke9epEiupNpxxHYVaZhnMZnO8AfqNMxnYlaMDJPYmjGHI0fUXO48BmExsukNrXCNiSA==",
      "requires": {
        "breeze": "0.4.x",
        "dragonfly": "0.2.x",
        "drip": "0.3.x",
        "filtr": "0.3.x",
        "oath": "0.2.x",
        "sol": "0.3.x",
        "super": "0.2.x"
      }
    },
    "sol": {
      "version": "0.3.0",
      "resolved": "https://registry.npmjs.org/sol/-/sol-0.3.0.tgz",
      "integrity": "sha512-/peFiFOAGoa0qgajE4KiEJ4KmjtMQBsDiOwy/6KkwYXl2x28jVDGnv6ntnqcSoMtAm+QNh8qv8XwHGuSzbLD9A=="
    },
    "super": {
      "version": "0.2.3",
      "resolved": "https://registry.npmjs.org/super/-/super-0.2.3.tgz",
      "integrity": "sha512-fjYEpGyjeC7yeAqz9vb5pwuqgSvJ8adkMowLgfltfUnP9P8g17+l0GridSWkCuTaclxE5y4EcyZj8L2NI7t1Hg=="
    }
  }
}
